PODS:
  - Flutter (1.0.0)
  - flutter_user_agent (1.2.3):
    - Flutter

DEPENDENCIES:
  - Flutter (from `Flutter`)
  - flutter_user_agent (from `.symlinks/plugins/flutter_user_agent/ios`)

EXTERNAL SOURCES:
  Flutter:
    :path: Flutter
  flutter_user_agent:
    :path: ".symlinks/plugins/flutter_user_agent/ios"

SPEC CHECKSUMS:
  Flutter: 0e3d915762c693b495b44d77113d4970485de6ec
  flutter_user_agent: 6fa120856e821b1d2365e24bcc979b531b9af8ad

PODFILE CHECKSUM: 8e679eca47255a8ca8067c4c67aab20e64cb974d

COCOAPODS: 1.9.3
